
Microsoft Visual Studio Solution File, Format Version 12.00
# Visual Studio Version 16
VisualStudioVersion = 16.0.30204.135
MinimumVisualStudioVersion = 10.0.40219.1
Project("{FAE04EC0-301F-11D3-BF4B-00C04F79EFBC}") = "Stardew64Installer", "Stardew64Installer.csproj", "{EF1CD741-E5CD-49FA-A371-222CB5E568A3}"
EndProject
Project("{FAE04EC0-301F-11D3-BF4B-00C04F79EFBC}") = "Stardew64Patches", "..\Stardew64Patches\Stardew64Patches.csproj", "{40105083-E598-4981-86F0-E829AD284232}"
EndProject
Global
	GlobalSection(SolutionConfigurationPlatforms) = preSolution
		Debug|Any CPU = Debug|Any CPU
		Release|Any CPU = Release|Any CPU
	EndGlobalSection
	GlobalSection(ProjectConfigurationPlatforms) = postSolution
		{EF1CD741-E5CD-49FA-A371-222CB5E568A3}.Debug|Any CPU.ActiveCfg = Debug|Any CPU
		{EF1CD741-E5CD-49FA-A371-222CB5E568A3}.Debug|Any CPU.Build.0 = Debug|Any CPU
		{EF1CD741-E5CD-49FA-A371-222CB5E568A3}.Release|Any CPU.ActiveCfg = Release|Any CPU
		{EF1CD741-E5CD-49FA-A371-222CB5E568A3}.Release|Any CPU.Build.0 = Release|Any CPU
		{40105083-E598-4981-86F0-E829AD284232}.Debug|Any CPU.ActiveCfg = Debug|Any CPU
		{40105083-E598-4981-86F0-E829AD284232}.Debug|Any CPU.Build.0 = Debug|Any CPU
		{40105083-E598-4981-86F0-E829AD284232}.Release|Any CPU.ActiveCfg = Release|Any CPU
		{40105083-E598-4981-86F0-E829AD284232}.Release|Any CPU.Build.0 = Release|Any CPU
	EndGlobalSection
	GlobalSection(SolutionProperties) = preSolution
		HideSolutionNode = FALSE
	EndGlobalSection
	GlobalSection(ExtensibilityGlobals) = postSolution
		SolutionGuid = {55141786-0D1A-4169-A6CF-3F482D221A59}
	EndGlobalSection
EndGlobal
